PODS:
  - ASSliderSegmentControl (0.4.0)

DEPENDENCIES:
  - ASSliderSegmentControl (from `../`)

EXTERNAL SOURCES:
  ASSliderSegmentControl:
    :path: ../

SPEC CHECKSUMS:
  ASSliderSegmentControl: 46c7c96b8e663fa7e7ef98221ddddd140d0d7530

PODFILE CHECKSUM: 663656bb34c69c2b582fe51db787484a15efb1f6

COCOAPODS: 1.0.0.beta.6
